// !$*UTF8*$!
{
	archiveVersion = 1;
	classes = {
	};
	objectVersion = 46;
	objects = {

/* Begin PBXBuildFile section */
		DF14320F1ADD915F00546BA8 /* AppDelegate.swift in Sources */ = {isa = PBXBuildFile; fileRef = DF14320E1ADD915F00546BA8 /* AppDelegate.swift */; };
		DF1432121ADD915F00546BA8 /* pitchperfect.xcdatamodeld in Sources */ = {isa = PBXBuildFile; fileRef = DF1432101ADD915F00546BA8 /* pitchperfect.xcdatamodeld */; };
		DF1432141ADD915F00546BA8 /* ViewController.swift in Sources */ = {isa = PBXBuildFile; fileRef = DF1432131ADD915F00546BA8 /* ViewController.swift */; };
		DF1432171ADD915F00546BA8 /* Main.storyboard in Resources */ = {isa = PBXBuildFile; fileRef = DF1432151ADD915F00546BA8 /* Main.storyboard */; };
		DF1432191ADD915F00546BA8 /* Images.xcassets in Resources */ = {isa = PBXBuildFile; fileRef = DF1432181ADD915F00546BA8 /* Images.xcassets */; };
		DF14321C1ADD915F00546BA8 /* LaunchScreen.xib in Resources */ = {isa = PBXBuildFile; fileRef = DF14321A1ADD915F00546BA8 /* LaunchScreen.xib */; };
		DF1432281ADD915F00546BA8 /* pitchperfectTests.swift in Sources */ = {isa = PBXBuildFile; fileRef = DF1432271ADD915F00546BA8 /* pitchperfectTests.swift */; };
/* End PBXBuildFile section */

/* Begin PBXContainerItemProxy section */
		DF1432221ADD915F00546BA8 /* PBXContainerItemProxy */ = {
			isa = PBXContainerItemProxy;
			containerPortal = DF1432011ADD915F00546BA8 /* Project object */;
			proxyType = 1;
			remoteGlobalIDString = DF1432081ADD915F00546BA8;
			remoteInfo = pitchperfect;
		};
/* End PBXContainerItemProxy section */

/* Begin PBXFileReference section */
		DF1432091ADD915F00546BA8 /* pitchperfect.app */ = {isa = PBXFileReference; explicitFileType = wrapper.application; includeInIndex = 0; path = pitchperfect.app; sourceTree = BUILT_PRODUCTS_DIR; };
		DF14320D1ADD915F00546BA8 /* Info.plist */ = {isa = PBXFileReference; lastKnownFileType = text.plist.xml; path = Info.plist; sourceTree = "<group>"; };
		DF14320E1ADD915F00546BA8 /* AppDelegate.swift */ = {isa = PBXFileReference; lastKnownFileType = sourcecode.swift; path = AppDelegate.swift; sourceTree = "<group>"; };
		DF1432111ADD915F00546BA8 /* pitchperfect.xcdatamodel */ = {isa = PBXFileReference; lastKnownFileType = wrapper.xcdatamodel; path = pitchperfect.xcdatamodel; sourceTree = "<group>"; };
		DF1432131ADD915F00546BA8 /* ViewController.swift */ = {isa = PBXFileReference; lastKnownFileType = sourcecode.swift; path = ViewController.swift; sourceTree = "<group>"; };
		DF1432161ADD915F00546BA8 /* Base */ = {isa = PBXFileReference; lastKnownFileType = file.storyboard; name = Base; path = Base.lproj/Main.storyboard; sourceTree = "<group>"; };
		DF1432181ADD915F00546BA8 /* Images.xcassets */ = {isa = PBXFileReference; lastKnownFileType = folder.assetcatalog; path = Images.xcassets; sourceTree = "<group>"; };
		DF14321B1ADD915F00546BA8 /* Base */ = {isa = PBXFileReference; lastKnownFileType = file.xib; name = Base; path = Base.lproj/LaunchScreen.xib; sourceTree = "<group>"; };
		DF1432211ADD915F00546BA8 /* pitchperfectTests.xctest */ = {isa = PBXFileReference; explicitFileType = wrapper.cfbundle; includeInIndex = 0; path = pitchperfectTests.xctest; sourceTree = BUILT_PRODUCTS_DIR; };
		DF1432261ADD915F00546BA8 /* Info.plist */ = {isa = PBXFileReference; lastKnownFileType = text.plist.xml; path = Info.plist; sourceTree = "<group>"; };
		DF1432271ADD915F00546BA8 /* pitchperfectTests.swift */ = {isa = PBXFileReference; lastKnownFileType = sourcecode.swift; path = pitchperfectTests.swift; sourceTree = "<group>"; };
/* End PBXFileReference section */

/* Begin PBXFrameworksBuildPhase section */
		DF1432061ADD915F00546BA8 /* Frameworks */ = {
			isa = PBXFrameworksBuildPhase;
			buildActionMask = 2147483647;
			files = (
			);
			runOnlyForDeploymentPostprocessing = 0;
		};
		DF14321E1ADD915F00546BA8 /* Frameworks */ = {
			isa = PBXFrameworksBuildPhase;
			buildActionMask = 2147483647;
			files = (
			);
			runOnlyForDeploymentPostprocessing = 0;
		};
/* End PBXFrameworksBuildPhase section */

/* Begin PBXGroup section */
		DF1432001ADD915F00546BA8 = {
			isa = PBXGroup;
			children = (
				DF14320B1ADD915F00546BA8 /* pitchperfect */,
				DF1432241ADD915F00546BA8 /* pitchperfectTests */,
				DF14320A1ADD915F00546BA8 /* Products */,
			);
			sourceTree = "<group>";
		};
		DF14320A1ADD915F00546BA8 /* Products */ = {
			isa = PBXGroup;
			children = (
				DF1432091ADD915F00546BA8 /* pitchperfect.app */,
				DF1432211ADD915F00546BA8 /* pitchperfectTests.xctest */,
			);
			name = Products;
			sourceTree = "<group>";
		};
		DF14320B1ADD915F00546BA8 /* pitchperfect */ = {
			isa = PBXGroup;
			children = (
				DF14320E1ADD915F00546BA8 /* AppDelegate.swift */,
				DF1432131ADD915F00546BA8 /* ViewController.swift */,
				DF1432151ADD915F00546BA8 /* Main.storyboard */,
				DF1432181ADD915F00546BA8 /* Images.xcassets */,
				DF14321A1ADD915F00546BA8 /* LaunchScreen.xib */,
				DF1432101ADD915F00546BA8 /* pitchperfect.xcdatamodeld */,
				DF14320C1ADD915F00546BA8 /* Supporting Files */,
			);
			path = pitchperfect;
			sourceTree = "<group>";
		};
		DF14320C1ADD915F00546BA8 /* Supporting Files */ = {
			isa = PBXGroup;
			children = (
				DF14320D1ADD915F00546BA8 /* Info.plist */,
			);
			name = "Supporting Files";
			sourceTree = "<group>";
		};
		DF1432241ADD915F00546BA8 /* pitchperfectTests */ = {
			isa = PBXGroup;
			children = (
				DF1432271ADD915F00546BA8 /* pitchperfectTests.swift */,
				DF1432251ADD915F00546BA8 /* Supporting Files */,
			);
			path = pitchperfectTests;
			sourceTree = "<group>";
		};
		DF1432251ADD915F00546BA8 /* Supporting Files */ = {
			isa = PBXGroup;
			children = (
				DF1432261ADD915F00546BA8 /* Info.plist */,
			);
			name = "Supporting Files";
			sourceTree = "<group>";
		};
/* End PBXGroup section */

/* Begin PBXNativeTarget section */
		DF1432081ADD915F00546BA8 /* pitchperfect */ = {
			isa = PBXNativeTarget;
			buildConfigurationList = DF14322B1ADD915F00546BA8 /* Build configuration list for PBXNativeTarget "pitchperfect" */;
			buildPhases = (
				DF1432051ADD915F00546BA8 /* Sources */,
				DF1432061ADD915F00546BA8 /* Frameworks */,
				DF1432071ADD915F00546BA8 /* Resources */,
			);
			buildRules = (
			);
			dependencies = (
			);
			name = pitchperfect;
			productName = pitchperfect;
			productReference = DF1432091ADD915F00546BA8 /* pitchperfect.app */;
			productType = "com.apple.product-type.application";
		};
		DF1432201ADD915F00546BA8 /* pitchperfectTests */ = {
			isa = PBXNativeTarget;
			buildConfigurationList = DF14322E1ADD915F00546BA8 /* Build configuration list for PBXNativeTarget "pitchperfectTests" */;
			buildPhases = (
				DF14321D1ADD915F00546BA8 /* Sources */,
				DF14321E1ADD915F00546BA8 /* Frameworks */,
				DF14321F1ADD915F00546BA8 /* Resources */,
			);
			buildRules = (
			);
			dependencies = (
				DF1432231ADD915F00546BA8 /* PBXTargetDependency */,
			);
			name = pitchperfectTests;
			productName = pitchperfectTests;
			productReference = DF1432211ADD915F00546BA8 /* pitchperfectTests.xctest */;
			productType = "com.apple.product-type.bundle.unit-test";
		};
/* End PBXNativeTarget section */

/* Begin PBXProject section */
		DF1432011ADD915F00546BA8 /* Project object */ = {
			isa = PBXProject;
			attributes = {
				LastUpgradeCheck = 0630;
				ORGANIZATIONNAME = amorn;
				TargetAttributes = {
					DF1432081ADD915F00546BA8 = {
						CreatedOnToolsVersion = 6.3;
					};
					DF1432201ADD915F00546BA8 = {
						CreatedOnToolsVersion = 6.3;
						TestTargetID = DF1432081ADD915F00546BA8;
					};
				};
			};
			buildConfigurationList = DF1432041ADD915F00546BA8 /* Build configuration list for PBXProject "pitchperfect" */;
			compatibilityVersion = "Xcode 3.2";
			developmentRegion = English;
			hasScannedForEncodings = 0;
			knownRegions = (
				en,
				Base,
			);
			mainGroup = DF1432001ADD915F00546BA8;
			productRefGroup = DF14320A1ADD915F00546BA8 /* Products */;
			projectDirPath = "";
			projectRoot = "";
			targets = (
				DF1432081ADD915F00546BA8 /* pitchperfect */,
				DF1432201ADD915F00546BA8 /* pitchperfectTests */,
			);
		};
/* End PBXProject section */

/* Begin PBXResourcesBuildPhase section */
		DF1432071ADD915F00546BA8 /* Resources */ = {
			isa = PBXResourcesBuildPhase;
			buildActionMask = 2147483647;
			files = (
				DF1432171ADD915F00546BA8 /* Main.storyboard in Resources */,
				DF14321C1ADD915F00546BA8 /* LaunchScreen.xib in Resources */,
				DF1432191ADD915F00546BA8 /* Images.xcassets in Resources */,
			);
			runOnlyForDeploymentPostprocessing = 0;
		};
		DF14321F1ADD915F00546BA8 /* Resources */ = {
			isa = PBXResourcesBuildPhase;
			buildActionMask = 2147483647;
			files = (
			);
			runOnlyForDeploymentPostprocessing = 0;
		};
/* End PBXResourcesBuildPhase section */

/* Begin PBXSourcesBuildPhase section */
		DF1432051ADD915F00546BA8 /* Sources */ = {
			isa = PBXSourcesBuildPhase;
			buildActionMask = 2147483647;
			files = (
				DF1432141ADD915F00546BA8 /* ViewController.swift in Sources */,
				DF1432121ADD915F00546BA8 /* pitchperfect.xcdatamodeld in Sources */,
				DF14320F1ADD915F00546BA8 /* AppDelegate.swift in Sources */,
			);
			runOnlyForDeploymentPostprocessing = 0;
		};
		DF14321D1ADD915F00546BA8 /* Sources */ = {
			isa = PBXSourcesBuildPhase;
			buildActionMask = 2147483647;
			files = (
				DF1432281ADD915F00546BA8 /* pitchperfectTests.swift in Sources */,
			);
			runOnlyForDeploymentPostprocessing = 0;
		};
/* End PBXSourcesBuildPhase section */

/* Begin PBXTargetDependency section */
		DF1432231ADD915F00546BA8 /* PBXTargetDependency */ = {
			isa = PBXTargetDependency;
			target = DF1432081ADD915F00546BA8 /* pitchperfect */;
			targetProxy = DF1432221ADD915F00546BA8 /* PBXContainerItemProxy */;
		};
/* End PBXTargetDependency section */

/* Begin PBXVariantGroup section */
		DF1432151ADD915F00546BA8 /* Main.storyboard */ = {
			isa = PBXVariantGroup;
			children = (
				DF1432161ADD915F00546BA8 /* Base */,
			);
			name = Main.storyboard;
			sourceTree = "<group>";
		};
		DF14321A1ADD915F00546BA8 /* LaunchScreen.xib */ = {
			isa = PBXVariantGroup;
			children = (
				DF14321B1ADD915F00546BA8 /* Base */,
			);
			name = LaunchScreen.xib;
			sourceTree = "<group>";
		};
/* End PBXVariantGroup section */

/* Begin XCBuildConfiguration section */
		DF1432291ADD915F00546BA8 /* Debug */ = {
			isa = XCBuildConfiguration;
			buildSettings = {
				ALWAYS_SEARCH_USER_PATHS = NO;
				CLANG_CXX_LANGUAGE_STANDARD = "gnu++0x";
				CLANG_CXX_LIBRARY = "libc++";
				CLANG_ENABLE_MODULES = YES;
				CLANG_ENABLE_OBJC_ARC = YES;
				CLANG_WARN_BOOL_CONVERSION = YES;
				CLANG_WARN_CONSTANT_CONVERSION = YES;
				CLANG_WARN_DIRECT_OBJC_ISA_USAGE = YES_ERROR;
				CLANG_WARN_EMPTY_BODY = YES;
				CLANG_WARN_ENUM_CONVERSION = YES;
				CLANG_WARN_INT_CONVERSION = YES;
				CLANG_WARN_OBJC_ROOT_CLASS = YES_ERROR;
				CLANG_WARN_UNREACHABLE_CODE = YES;
				CLANG_WARN__DUPLICATE_METHOD_MATCH = YES;
				"CODE_SIGN_IDENTITY[sdk=iphoneos*]" = "iPhone Developer";
				COPY_PHASE_STRIP = NO;
				DEBUG_INFORMATION_FORMAT = "dwarf-with-dsym";
				ENABLE_STRICT_OBJC_MSGSEND = YES;
				GCC_C_LANGUAGE_STANDARD = gnu99;
				GCC_DYNAMIC_NO_PIC = NO;
				GCC_NO_COMMON_BLOCKS = YES;
				GCC_OPTIMIZATION_LEVEL = 0;
				GCC_PREPROCESSOR_DEFINITIONS = (
					"DEBUG=1",
					"$(inherited)",
				);
				GCC_SYMBOLS_PRIVATE_EXTERN = NO;
				GCC_WARN_64_TO_32_BIT_CONVERSION = YES;
				GCC_WARN_ABOUT_RETURN_TYPE = YES_ERROR;
				GCC_WARN_UNDECLARED_SELECTOR = YES;
				GCC_WARN_UNINITIALIZED_AUTOS = YES_AGGRESSIVE;
				GCC_WARN_UNUSED_FUNCTION = YES;
				GCC_WARN_UNUSED_VARIABLE = YES;
				IPHONEOS_DEPLOYMENT_TARGET = 8.3;
				MTL_ENABLE_DEBUG_INFO = YES;
				ONLY_ACTIVE_ARCH = YES;
				SDKROOT = iphoneos;
				SWIFT_OPTIMIZATION_LEVEL = "-Onone";
				TARGETED_DEVICE_FAMILY = "1,2";
			};
			name = Debug;
		};
		DF14322A1ADD915F00546BA8 /* Release */ = {
			isa = XCBuildConfiguration;
			buildSettings = {
				ALWAYS_SEARCH_USER_PATHS = NO;
				CLANG_CXX_LANGUAGE_STANDARD = "gnu++0x";
				CLANG_CXX_LIBRARY = "libc++";
				CLANG_ENABLE_MODULES = YES;
				CLANG_ENABLE_OBJC_ARC = YES;
				CLANG_WARN_BOOL_CONVERSION = YES;
				CLANG_WARN_CONSTANT_CONVERSION = YES;
				CLANG_WARN_DIRECT_OBJC_ISA_USAGE = YES_ERROR;
				CLANG_WARN_EMPTY_BODY = YES;
				CLANG_WARN_ENUM_CONVERSION = YES;
				CLANG_WARN_INT_CONVERSION = YES;
				CLANG_WARN_OBJC_ROOT_CLASS = YES_ERROR;
				CLANG_WARN_UNREACHABLE_CODE = YES;
				CLANG_WARN__DUPLICATE_METHOD_MATCH = YES;
				"CODE_SIGN_IDENTITY[sdk=iphoneos*]" = "iPhone Developer";
				COPY_PHASE_STRIP = NO;
				DEBUG_INFORMATION_FORMAT = "dwarf-with-dsym";
				ENABLE_NS_ASSERTIONS = NO;
				ENABLE_STRICT_OBJC_MSGSEND = YES;
				GCC_C_LANGUAGE_STANDARD = gnu99;
				GCC_NO_COMMON_BLOCKS = YES;
				GCC_WARN_64_TO_32_BIT_CONVERSION = YES;
				GCC_WARN_ABOUT_RETURN_TYPE = YES_ERROR;
				GCC_WARN_UNDECLARED_SELECTOR = YES;
				GCC_WARN_UNINITIALIZED_AUTOS = YES_AGGRESSIVE;
				GCC_WARN_UNUSED_FUNCTION = YES;
				GCC_WARN_UNUSED_VARIABLE = YES;
				IPHONEOS_DEPLOYMENT_TARGET = 8.3;
				MTL_ENABLE_DEBUG_INFO = NO;
				SDKROOT = iphoneos;
				TARGETED_DEVICE_FAMILY = "1,2";
				VALIDATE_PRODUCT = YES;
			};
			name = Release;
		};
		DF14322C1ADD915F00546BA8 /* Debug */ = {
			isa = XCBuildConfiguration;
			buildSettings = {
				ASSETCATALOG_COMPILER_APPICON_NAME = AppIcon;
				INFOPLIST_FILE = pitchperfect/Info.plist;
				LD_RUNPATH_SEARCH_PATHS = "$(inherited) @executable_path/Frameworks";
				PRODUCT_NAME = "$(TARGET_NAME)";
			};
			name = Debug;
		};
		DF14322D1ADD915F00546BA8 /* Release */ = {
			isa = XCBuildConfiguration;
			buildSettings = {
				ASSETCATALOG_COMPILER_APPICON_NAME = AppIcon;
				INFOPLIST_FILE = pitchperfect/Info.plist;
				LD_RUNPATH_SEARCH_PATHS = "$(inherited) @executable_path/Frameworks";
				PRODUCT_NAME = "$(TARGET_NAME)";
			};
			name = Release;
		};
		DF14322F1ADD915F00546BA8 /* Debug */ = {
			isa = XCBuildConfiguration;
			buildSettings = {
				BUNDLE_LOADER = "$(TEST_HOST)";
				FRAMEWORK_SEARCH_PATHS = (
					"$(SDKROOT)/Developer/Library/Frameworks",
					"$(inherited)",
				);
				GCC_PREPROCESSOR_DEFINITIONS = (
					"DEBUG=1",
					"$(inherited)",
				);
				INFOPLIST_FILE = pitchperfectTests/Info.plist;
				LD_RUNPATH_SEARCH_PATHS = "$(inherited) @executable_path/Frameworks @loader_path/Frameworks";
				PRODUCT_NAME = "$(TARGET_NAME)";
				TEST_HOST = "$(BUILT_PRODUCTS_DIR)/pitchperfect.app/pitchperfect";
			};
			name = Debug;
		};
		DF1432301ADD915F00546BA8 /* Release */ = {
			isa = XCBuildConfiguration;
			buildSettings = {
				BUNDLE_LOADER = "$(TEST_HOST)";
				FRAMEWORK_SEARCH_PATHS = (
					"$(SDKROOT)/Developer/Library/Frameworks",
					"$(inherited)",
				);
				INFOPLIST_FILE = pitchperfectTests/Info.plist;
				LD_RUNPATH_SEARCH_PATHS = "$(inherited) @executable_path/Frameworks @loader_path/Frameworks";
				PRODUCT_NAME = "$(TARGET_NAME)";
				TEST_HOST = "$(BUILT_PRODUCTS_DIR)/pitchperfect.app/pitchperfect";
			};
			name = Release;
		};
/* End XCBuildConfiguration section */

/* Begin XCConfigurationList section */
		DF1432041ADD915F00546BA8 /* Build configuration list for PBXProject "pitchperfect" */ = {
			isa = XCConfigurationList;
			buildConfigurations = (
				DF1432291ADD915F00546BA8 /* Debug */,
				DF14322A1ADD915F00546BA8 /* Release */,
			);
			defaultConfigurationIsVisible = 0;
			defaultConfigurationName = Release;
		};
		DF14322B1ADD915F00546BA8 /* Build configuration list for PBXNativeTarget "pitchperfect" */ = {
			isa = XCConfigurationList;
			buildConfigurations = (
				DF14322C1ADD915F00546BA8 /* Debug */,
				DF14322D1ADD915F00546BA8 /* Release */,
			);
			defaultConfigurationIsVisible = 0;
		};
		DF14322E1ADD915F00546BA8 /* Build configuration list for PBXNativeTarget "pitchperfectTests" */ = {
			isa = XCConfigurationList;
			buildConfigurations = (
				DF14322F1ADD915F00546BA8 /* Debug */,
				DF1432301ADD915F00546BA8 /* Release */,
			);
			defaultConfigurationIsVisible = 0;
		};
/* End XCConfigurationList section */

/* Begin XCVersionGroup section */
		DF1432101ADD915F00546BA8 /* pitchperfect.xcdatamodeld */ = {
			isa = XCVersionGroup;
			children = (
				DF1432111ADD915F00546BA8 /* pitchperfect.xcdatamodel */,
			);
			currentVersion = DF1432111ADD915F00546BA8 /* pitchperfect.xcdatamodel */;
			path = pitchperfect.xcdatamodeld;
			sourceTree = "<group>";
			versionGroupType = wrapper.xcdatamodel;
		};
/* End XCVersionGroup section */
	};
	rootObject = DF1432011ADD915F00546BA8 /* Project object */;
}
